
Microsoft Visual Studio Solution File, Format Version 12.00
# Visual Studio 15
VisualStudioVersion = 15.0.26124.0
MinimumVisualStudioVersion = 15.0.26124.0
Project("{FAE04EC0-301F-11D3-BF4B-00C04F79EFBC}") = "Ledger", "Ledger\Ledger.csproj", "{CA54C55F-DA02-4A44-A4DE-C7BD78FA7E19}"
EndProject
Project("{FAE04EC0-301F-11D3-BF4B-00C04F79EFBC}") = "Ledger.Core", "Ledger.Core\Ledger.Core.csproj", "{742D6DDA-7A1B-4E1C-8F60-953B1902A3EC}"
EndProject
Project("{FAE04EC0-301F-11D3-BF4B-00C04F79EFBC}") = "Ledger.Reports", "Ledger.Reports\Ledger.Reports.csproj", "{4945888D-B606-4CE5-82FB-EE7EB3A899E8}"
EndProject
Project("{FAE04EC0-301F-11D3-BF4B-00C04F79EFBC}") = "Ledger.Journal", "Ledger.Journal\Ledger.Journal.csproj", "{E13B4A32-D6C5-4981-93FA-8EFE017C002B}"
EndProject
Global
	GlobalSection(SolutionConfigurationPlatforms) = preSolution
		Debug|Any CPU = Debug|Any CPU
		Debug|x64 = Debug|x64
		Debug|x86 = Debug|x86
		Release|Any CPU = Release|Any CPU
		Release|x64 = Release|x64
		Release|x86 = Release|x86
	EndGlobalSection
	GlobalSection(SolutionProperties) = preSolution
		HideSolutionNode = FALSE
	EndGlobalSection
	GlobalSection(ProjectConfigurationPlatforms) = postSolution
		{CA54C55F-DA02-4A44-A4DE-C7BD78FA7E19}.Debug|Any CPU.ActiveCfg = Debug|Any CPU
		{CA54C55F-DA02-4A44-A4DE-C7BD78FA7E19}.Debug|Any CPU.Build.0 = Debug|Any CPU
		{CA54C55F-DA02-4A44-A4DE-C7BD78FA7E19}.Debug|x64.ActiveCfg = Debug|Any CPU
		{CA54C55F-DA02-4A44-A4DE-C7BD78FA7E19}.Debug|x64.Build.0 = Debug|Any CPU
		{CA54C55F-DA02-4A44-A4DE-C7BD78FA7E19}.Debug|x86.ActiveCfg = Debug|Any CPU
		{CA54C55F-DA02-4A44-A4DE-C7BD78FA7E19}.Debug|x86.Build.0 = Debug|Any CPU
		{CA54C55F-DA02-4A44-A4DE-C7BD78FA7E19}.Release|Any CPU.ActiveCfg = Release|Any CPU
		{CA54C55F-DA02-4A44-A4DE-C7BD78FA7E19}.Release|Any CPU.Build.0 = Release|Any CPU
		{CA54C55F-DA02-4A44-A4DE-C7BD78FA7E19}.Release|x64.ActiveCfg = Release|Any CPU
		{CA54C55F-DA02-4A44-A4DE-C7BD78FA7E19}.Release|x64.Build.0 = Release|Any CPU
		{CA54C55F-DA02-4A44-A4DE-C7BD78FA7E19}.Release|x86.ActiveCfg = Release|Any CPU
		{CA54C55F-DA02-4A44-A4DE-C7BD78FA7E19}.Release|x86.Build.0 = Release|Any CPU
		{742D6DDA-7A1B-4E1C-8F60-953B1902A3EC}.Debug|Any CPU.ActiveCfg = Debug|Any CPU
		{742D6DDA-7A1B-4E1C-8F60-953B1902A3EC}.Debug|Any CPU.Build.0 = Debug|Any CPU
		{742D6DDA-7A1B-4E1C-8F60-953B1902A3EC}.Debug|x64.ActiveCfg = Debug|Any CPU
		{742D6DDA-7A1B-4E1C-8F60-953B1902A3EC}.Debug|x64.Build.0 = Debug|Any CPU
		{742D6DDA-7A1B-4E1C-8F60-953B1902A3EC}.Debug|x86.ActiveCfg = Debug|Any CPU
		{742D6DDA-7A1B-4E1C-8F60-953B1902A3EC}.Debug|x86.Build.0 = Debug|Any CPU
		{742D6DDA-7A1B-4E1C-8F60-953B1902A3EC}.Release|Any CPU.ActiveCfg = Release|Any CPU
		{742D6DDA-7A1B-4E1C-8F60-953B1902A3EC}.Release|Any CPU.Build.0 = Release|Any CPU
		{742D6DDA-7A1B-4E1C-8F60-953B1902A3EC}.Release|x64.ActiveCfg = Release|Any CPU
		{742D6DDA-7A1B-4E1C-8F60-953B1902A3EC}.Release|x64.Build.0 = Release|Any CPU
		{742D6DDA-7A1B-4E1C-8F60-953B1902A3EC}.Release|x86.ActiveCfg = Release|Any CPU
		{742D6DDA-7A1B-4E1C-8F60-953B1902A3EC}.Release|x86.Build.0 = Release|Any CPU
		{4945888D-B606-4CE5-82FB-EE7EB3A899E8}.Debug|Any CPU.ActiveCfg = Debug|Any CPU
		{4945888D-B606-4CE5-82FB-EE7EB3A899E8}.Debug|Any CPU.Build.0 = Debug|Any CPU
		{4945888D-B606-4CE5-82FB-EE7EB3A899E8}.Debug|x64.ActiveCfg = Debug|Any CPU
		{4945888D-B606-4CE5-82FB-EE7EB3A899E8}.Debug|x64.Build.0 = Debug|Any CPU
		{4945888D-B606-4CE5-82FB-EE7EB3A899E8}.Debug|x86.ActiveCfg = Debug|Any CPU
		{4945888D-B606-4CE5-82FB-EE7EB3A899E8}.Debug|x86.Build.0 = Debug|Any CPU
		{4945888D-B606-4CE5-82FB-EE7EB3A899E8}.Release|Any CPU.ActiveCfg = Release|Any CPU
		{4945888D-B606-4CE5-82FB-EE7EB3A899E8}.Release|Any CPU.Build.0 = Release|Any CPU
		{4945888D-B606-4CE5-82FB-EE7EB3A899E8}.Release|x64.ActiveCfg = Release|Any CPU
		{4945888D-B606-4CE5-82FB-EE7EB3A899E8}.Release|x64.Build.0 = Release|Any CPU
		{4945888D-B606-4CE5-82FB-EE7EB3A899E8}.Release|x86.ActiveCfg = Release|Any CPU
		{4945888D-B606-4CE5-82FB-EE7EB3A899E8}.Release|x86.Build.0 = Release|Any CPU
		{E13B4A32-D6C5-4981-93FA-8EFE017C002B}.Debug|Any CPU.ActiveCfg = Debug|Any CPU
		{E13B4A32-D6C5-4981-93FA-8EFE017C002B}.Debug|Any CPU.Build.0 = Debug|Any CPU
		{E13B4A32-D6C5-4981-93FA-8EFE017C002B}.Debug|x64.ActiveCfg = Debug|Any CPU
		{E13B4A32-D6C5-4981-93FA-8EFE017C002B}.Debug|x64.Build.0 = Debug|Any CPU
		{E13B4A32-D6C5-4981-93FA-8EFE017C002B}.Debug|x86.ActiveCfg = Debug|Any CPU
		{E13B4A32-D6C5-4981-93FA-8EFE017C002B}.Debug|x86.Build.0 = Debug|Any CPU
		{E13B4A32-D6C5-4981-93FA-8EFE017C002B}.Release|Any CPU.ActiveCfg = Release|Any CPU
		{E13B4A32-D6C5-4981-93FA-8EFE017C002B}.Release|Any CPU.Build.0 = Release|Any CPU
		{E13B4A32-D6C5-4981-93FA-8EFE017C002B}.Release|x64.ActiveCfg = Release|Any CPU
		{E13B4A32-D6C5-4981-93FA-8EFE017C002B}.Release|x64.Build.0 = Release|Any CPU
		{E13B4A32-D6C5-4981-93FA-8EFE017C002B}.Release|x86.ActiveCfg = Release|Any CPU
		{E13B4A32-D6C5-4981-93FA-8EFE017C002B}.Release|x86.Build.0 = Release|Any CPU
	EndGlobalSection
EndGlobal
